
Microsoft Visual Studio Solution File, Format Version 12.00
# Visual Studio Version 17
VisualStudioVersion = 17.5.33530.505
MinimumVisualStudioVersion = 10.0.40219.1
Project("{9A19103F-16F7-4668-BE54-9A1E7A4F7556}") = "SharedLibrary", "SharedLibrary\SharedLibrary.csproj", "{B1500408-8513-4360-B98A-DAC9DCFEF0D9}"
EndProject
Project("{9A19103F-16F7-4668-BE54-9A1E7A4F7556}") = "Server2", "Server2\Server2.csproj", "{274702D5-C8B9-4787-B291-D66136E7F5E3}"
EndProject
Project("{9A19103F-16F7-4668-BE54-9A1E7A4F7556}") = "BusinessLayer", "..\DiceMatch\BusinessLayer\BusinessLayer.csproj", "{E1348F46-C007-4D62-A1E2-4175CCE5B75F}"
EndProject
Project("{9A19103F-16F7-4668-BE54-9A1E7A4F7556}") = "DataLayer", "..\DiceMatch\DataLayer\DataLayer.csproj", "{2F4FBB62-466A-4F4B-AAAC-8A6B51350A4F}"
EndProject
Project("{9A19103F-16F7-4668-BE54-9A1E7A4F7556}") = "ServiceLayer", "..\DiceMatch\ServiceLayer\ServiceLayer.csproj", "{4EC37276-E395-4425-84C8-C4D3C72594A5}"
EndProject
Global
	GlobalSection(SolutionConfigurationPlatforms) = preSolution
		Debug|Any CPU = Debug|Any CPU
		Release|Any CPU = Release|Any CPU
	EndGlobalSection
	GlobalSection(ProjectConfigurationPlatforms) = postSolution
		{B1500408-8513-4360-B98A-DAC9DCFEF0D9}.Debug|Any CPU.ActiveCfg = Debug|Any CPU
		{B1500408-8513-4360-B98A-DAC9DCFEF0D9}.Debug|Any CPU.Build.0 = Debug|Any CPU
		{B1500408-8513-4360-B98A-DAC9DCFEF0D9}.Release|Any CPU.ActiveCfg = Release|Any CPU
		{B1500408-8513-4360-B98A-DAC9DCFEF0D9}.Release|Any CPU.Build.0 = Release|Any CPU
		{274702D5-C8B9-4787-B291-D66136E7F5E3}.Debug|Any CPU.ActiveCfg = Debug|Any CPU
		{274702D5-C8B9-4787-B291-D66136E7F5E3}.Debug|Any CPU.Build.0 = Debug|Any CPU
		{274702D5-C8B9-4787-B291-D66136E7F5E3}.Release|Any CPU.ActiveCfg = Release|Any CPU
		{274702D5-C8B9-4787-B291-D66136E7F5E3}.Release|Any CPU.Build.0 = Release|Any CPU
		{E1348F46-C007-4D62-A1E2-4175CCE5B75F}.Debug|Any CPU.ActiveCfg = Debug|Any CPU
		{E1348F46-C007-4D62-A1E2-4175CCE5B75F}.Debug|Any CPU.Build.0 = Debug|Any CPU
		{E1348F46-C007-4D62-A1E2-4175CCE5B75F}.Release|Any CPU.ActiveCfg = Release|Any CPU
		{E1348F46-C007-4D62-A1E2-4175CCE5B75F}.Release|Any CPU.Build.0 = Release|Any CPU
		{2F4FBB62-466A-4F4B-AAAC-8A6B51350A4F}.Debug|Any CPU.ActiveCfg = Debug|Any CPU
		{2F4FBB62-466A-4F4B-AAAC-8A6B51350A4F}.Debug|Any CPU.Build.0 = Debug|Any CPU
		{2F4FBB62-466A-4F4B-AAAC-8A6B51350A4F}.Release|Any CPU.ActiveCfg = Release|Any CPU
		{2F4FBB62-466A-4F4B-AAAC-8A6B51350A4F}.Release|Any CPU.Build.0 = Release|Any CPU
		{4EC37276-E395-4425-84C8-C4D3C72594A5}.Debug|Any CPU.ActiveCfg = Debug|Any CPU
		{4EC37276-E395-4425-84C8-C4D3C72594A5}.Debug|Any CPU.Build.0 = Debug|Any CPU
		{4EC37276-E395-4425-84C8-C4D3C72594A5}.Release|Any CPU.ActiveCfg = Release|Any CPU
		{4EC37276-E395-4425-84C8-C4D3C72594A5}.Release|Any CPU.Build.0 = Release|Any CPU
	EndGlobalSection
	GlobalSection(SolutionProperties) = preSolution
		HideSolutionNode = FALSE
	EndGlobalSection
	GlobalSection(ExtensibilityGlobals) = postSolution
		SolutionGuid = {D35103EE-2711-47A4-AE96-F53EEA02CBFC}
	EndGlobalSection
EndGlobal
